
Microsoft Visual Studio Solution File, Format Version 12.00
# Visual Studio Version 16
VisualStudioVersion = 16.0.31727.386
MinimumVisualStudioVersion = 10.0.40219.1
Project("{FAE04EC0-301F-11D3-BF4B-00C04F79EFBC}") = "SINPRO", "SINPRO\SINPRO.csproj", "{42FA23FE-2DD5-4051-9476-3EBEEBBB5959}"
EndProject
Project("{FAE04EC0-301F-11D3-BF4B-00C04F79EFBC}") = "SINPRO.Services", "SINPRO.Services\SINPRO.Services.csproj", "{D0D90F4D-0EC5-454F-858C-2AE9FE4D06E9}"
EndProject
Global
	GlobalSection(SolutionConfigurationPlatforms) = preSolution
		Debug|Any CPU = Debug|Any CPU
		Release|Any CPU = Release|Any CPU
	EndGlobalSection
	GlobalSection(ProjectConfigurationPlatforms) = postSolution
		{42FA23FE-2DD5-4051-9476-3EBEEBBB5959}.Debug|Any CPU.ActiveCfg = Debug|Any CPU
		{42FA23FE-2DD5-4051-9476-3EBEEBBB5959}.Debug|Any CPU.Build.0 = Debug|Any CPU
		{42FA23FE-2DD5-4051-9476-3EBEEBBB5959}.Release|Any CPU.ActiveCfg = Release|Any CPU
		{42FA23FE-2DD5-4051-9476-3EBEEBBB5959}.Release|Any CPU.Build.0 = Release|Any CPU
		{D0D90F4D-0EC5-454F-858C-2AE9FE4D06E9}.Debug|Any CPU.ActiveCfg = Debug|Any CPU
		{D0D90F4D-0EC5-454F-858C-2AE9FE4D06E9}.Debug|Any CPU.Build.0 = Debug|Any CPU
		{D0D90F4D-0EC5-454F-858C-2AE9FE4D06E9}.Release|Any CPU.ActiveCfg = Release|Any CPU
		{D0D90F4D-0EC5-454F-858C-2AE9FE4D06E9}.Release|Any CPU.Build.0 = Release|Any CPU
	EndGlobalSection
	GlobalSection(SolutionProperties) = preSolution
		HideSolutionNode = FALSE
	EndGlobalSection
	GlobalSection(ExtensibilityGlobals) = postSolution
		SolutionGuid = {7FCD18CE-5F8B-4970-BC8C-26594E2EE39D}
	EndGlobalSection
EndGlobal
